
Microsoft Visual Studio Solution File, Format Version 12.00
# Visual Studio Version 17
VisualStudioVersion = 17.5.33627.172
MinimumVisualStudioVersion = 10.0.40219.1
Project("{FAE04EC0-301F-11D3-BF4B-00C04F79EFBC}") = "Dypa.KoinonikosTourismos", "Dypa.KoinonikosTourismos\Dypa.KoinonikosTourismos.csproj", "{D83A6594-2F94-4393-A053-01C0C000784A}"
EndProject
Project("{FAE04EC0-301F-11D3-BF4B-00C04F79EFBC}") = "Dypa.KoinonikosTourismos.Types", "Dypa.KoinonikosTourismos.Types\Dypa.KoinonikosTourismos.Types.csproj", "{8BCDE617-A3E7-49AB-A1A4-154F442F6C15}"
EndProject
Global
	GlobalSection(SolutionConfigurationPlatforms) = preSolution
		Debug|Any CPU = Debug|Any CPU
		Release|Any CPU = Release|Any CPU
	EndGlobalSection
	GlobalSection(ProjectConfigurationPlatforms) = postSolution
		{D83A6594-2F94-4393-A053-01C0C000784A}.Debug|Any CPU.ActiveCfg = Debug|Any CPU
		{D83A6594-2F94-4393-A053-01C0C000784A}.Debug|Any CPU.Build.0 = Debug|Any CPU
		{D83A6594-2F94-4393-A053-01C0C000784A}.Release|Any CPU.ActiveCfg = Release|Any CPU
		{D83A6594-2F94-4393-A053-01C0C000784A}.Release|Any CPU.Build.0 = Release|Any CPU
		{8BCDE617-A3E7-49AB-A1A4-154F442F6C15}.Debug|Any CPU.ActiveCfg = Debug|Any CPU
		{8BCDE617-A3E7-49AB-A1A4-154F442F6C15}.Debug|Any CPU.Build.0 = Debug|Any CPU
		{8BCDE617-A3E7-49AB-A1A4-154F442F6C15}.Release|Any CPU.ActiveCfg = Release|Any CPU
		{8BCDE617-A3E7-49AB-A1A4-154F442F6C15}.Release|Any CPU.Build.0 = Release|Any CPU
	EndGlobalSection
	GlobalSection(SolutionProperties) = preSolution
		HideSolutionNode = FALSE
	EndGlobalSection
	GlobalSection(ExtensibilityGlobals) = postSolution
		SolutionGuid = {50FD6A74-A70B-473E-BC5A-1A6F322E1425}
	EndGlobalSection
EndGlobal
